{
  "projects": [
    {
      "projectId": "7nJ7UcFmq9UzB6eXfC5z4a",
      "version": "0.6.0",
      "dependencies": {},
      "lang": "ts",
      "fileLocks": [
        {
          "assetId": "7nJ7UcFmq9UzB6eXfC5z4a",
          "type": "projectCss",
          "checksum": "49cdb8dabe1533c0269c4325bec06fb5"
        }
      ],
      "codegenVersion": "0.0.1"
    },
    {
      "projectId": "sMfv1hg7t9bpqK5N2h2Xpc",
      "version": "latest",
      "dependencies": {
        "7nJ7UcFmq9UzB6eXfC5z4a": "0.6.0",
        "28Ba3BDvRe7EiWdfFNnLB6": "2.10.0",
        "YUiM7yqBWAqsh8KSnrdj7": "0.7.0"
      },
      "lang": "ts",
      "fileLocks": [
        {
          "type": "globalVariant",
          "assetId": "oR09Sl7pmsYZR",
          "checksum": "2c7f3d622ea1c8ad91be1152201749df"
        },
        {
          "type": "renderModule",
          "assetId": "X2eTwNfEQNyM",
          "checksum": "f26c306314b787ae89c758c90f1f2523"
        },
        {
          "type": "cssRules",
          "assetId": "X2eTwNfEQNyM",
          "checksum": "f26c306314b787ae89c758c90f1f2523"
        },
        {
          "type": "renderModule",
          "assetId": "B2AzBChSZBa",
          "checksum": "ec267087e2da9435df68a72d735a278d"
        },
        {
          "type": "cssRules",
          "assetId": "B2AzBChSZBa",
          "checksum": "ec267087e2da9435df68a72d735a278d"
        },
        {
          "type": "icon",
          "assetId": "C1r0wy0DtJv",
          "checksum": "b5d444c122f97a8d85b53337539e774d"
        },
        {
          "type": "icon",
          "assetId": "xD4MiLWeXK-",
          "checksum": "ba941703b6d1589af8717cedd93f8b04"
        },
        {
          "type": "icon",
          "assetId": "vI1V6MDOzo",
          "checksum": "90a5e810e02c154a46e0f5aa29029fe4"
        },
        {
          "type": "image",
          "assetId": "8N7FXZOYD",
          "checksum": "a7b84d57ee714601920aca23ad2f55a3"
        },
        {
          "type": "image",
          "assetId": "Wi4O4sfb8",
          "checksum": "e700eecb3587d833cd758e0b4482074a"
        },
        {
          "type": "image",
          "assetId": "NCTizchsY",
          "checksum": "4a7d077ef141a94b657f6538034d263f"
        },
        {
          "type": "image",
          "assetId": "629EUlFfq",
          "checksum": "6131fe8f04c17f390e91f29e7b18f67e"
        },
        {
          "type": "image",
          "assetId": "K86zyfRE6",
          "checksum": "ffe98e40eaf103995028550445e82eb6"
        },
        {
          "type": "image",
          "assetId": "xa5HB7k_g",
          "checksum": "879374b8aee52de66d408511d9e3a892"
        },
        {
          "type": "image",
          "assetId": "2wzYRE3ML",
          "checksum": "d08e803ac3c81e48a9f65daaab2f15dc"
        },
        {
          "type": "image",
          "assetId": "KPcgt86E1",
          "checksum": "d68f1975eec5417d3265219c03e8fd8f"
        },
        {
          "type": "image",
          "assetId": "lcoz-TdP6",
          "checksum": "57cfaaa39a43eebf5060588f9e842cbf"
        },
        {
          "type": "image",
          "assetId": "nrdVy2YRN",
          "checksum": "720281cf45808bf04c757083fb601919"
        },
        {
          "type": "image",
          "assetId": "ks0AqpiTF",
          "checksum": "469c19bbb0029d5219b18fe5a14f7e88"
        },
        {
          "type": "image",
          "assetId": "v9bSzZLuP",
          "checksum": "3380e116d3d05427099536060b7f31ef"
        },
        {
          "type": "image",
          "assetId": "rXsPYXsoi",
          "checksum": "40204ad0a8c11c3f9ad7b8dbdaa4ee51"
        },
        {
          "type": "image",
          "assetId": "IrHyGmdjX",
          "checksum": "91e51d3407dfdde533f74cca47c18023"
        },
        {
          "type": "image",
          "assetId": "QJFIqbkA-",
          "checksum": "5e2d433f03f629766ba49e5a450eff1c"
        },
        {
          "type": "image",
          "assetId": "ZGVX0drPm",
          "checksum": "6be88eedff002526b7139ebdb1de0cf6"
        },
        {
          "type": "image",
          "assetId": "xSupz5vjy",
          "checksum": "93ab8c178598da3ff9d0b22f67de80f5"
        },
        {
          "type": "image",
          "assetId": "KEhAg9OL3",
          "checksum": "4603f7fb5bbf2c2f9388a74be9a2c764"
        },
        {
          "type": "image",
          "assetId": "Jy4nwDTA2",
          "checksum": "a5522740f6b7221cf8a2aa48012480a8"
        },
        {
          "type": "icon",
          "assetId": "a9385cNnDv",
          "checksum": "9406f5ab794dd2e61ecc31c97643dcf6"
        },
        {
          "type": "icon",
          "assetId": "RpEl5pb15K",
          "checksum": "3f8266f113cd7675abf8ab4800d72913"
        },
        {
          "type": "icon",
          "assetId": "W3lydZRry9",
          "checksum": "2653f5b08fb9553c0cd6072fad07e4d1"
        },
        {
          "type": "icon",
          "assetId": "LteOjVPvvt",
          "checksum": "d08d14be4f0df552e08a59f707c7d38b"
        },
        {
          "type": "icon",
          "assetId": "-JrcytDXSf",
          "checksum": "d42c518974070e403cf8c2ce0d9ec0d5"
        },
        {
          "type": "icon",
          "assetId": "shO8z3gKYM",
          "checksum": "68418f13cf53b0732cf525c1e2df0599"
        },
        {
          "type": "icon",
          "assetId": "GUGaE4NCXF",
          "checksum": "65c65c71ae578564b8f19944923dad71"
        },
        {
          "type": "image",
          "assetId": "TZq0m1vfA",
          "checksum": "437ce482e4cd8f3f70dd42efeb5126e5"
        },
        {
          "type": "image",
          "assetId": "zIEy-5AJQ",
          "checksum": "144723c67436b4da9bada4dcab4e9697"
        },
        {
          "type": "renderModule",
          "assetId": "kSpHVPuP15V",
          "checksum": "27f054271f1719949cada1cf6e0d40b9"
        },
        {
          "type": "cssRules",
          "assetId": "kSpHVPuP15V",
          "checksum": "27f054271f1719949cada1cf6e0d40b9"
        },
        {
          "type": "renderModule",
          "assetId": "nBsKC1UEOs",
          "checksum": "22191344adea236f89ee6e191dd350ce"
        },
        {
          "type": "cssRules",
          "assetId": "nBsKC1UEOs",
          "checksum": "22191344adea236f89ee6e191dd350ce"
        },
        {
          "type": "icon",
          "assetId": "8BF27-mrmX",
          "checksum": "557fc05e55c59c4da2f43331c8552ed9"
        },
        {
          "type": "icon",
          "assetId": "sbvd34TJQy",
          "checksum": "4b05227f66f2e8a0d40f71fd5a171967"
        },
        {
          "type": "icon",
          "assetId": "QKB6RJd74E",
          "checksum": "830ac2add13ba8c947fc3d01035cce3a"
        },
        {
          "type": "image",
          "assetId": "eR-BEehMg",
          "checksum": "733bd721c2733d8475e95b238e5fdbaf"
        },
        {
          "type": "renderModule",
          "assetId": "62Il59Ijvz",
          "checksum": "85f615490bfc16e57407ffa77cd046e9"
        },
        {
          "type": "cssRules",
          "assetId": "62Il59Ijvz",
          "checksum": "85f615490bfc16e57407ffa77cd046e9"
        },
        {
          "type": "renderModule",
          "assetId": "GHrZX-qnlG",
          "checksum": "e6586a5d51e9f05f6b42fd82331c4f83"
        },
        {
          "type": "cssRules",
          "assetId": "GHrZX-qnlG",
          "checksum": "e6586a5d51e9f05f6b42fd82331c4f83"
        },
        {
          "type": "icon",
          "assetId": "APEFRjHk9f",
          "checksum": "94eea1d0397faa9962e4b5fb381f7de7"
        },
        {
          "type": "icon",
          "assetId": "gK8wloD7bf",
          "checksum": "e47c2dd0689dcfabf26140faca23c9b5"
        },
        {
          "type": "icon",
          "assetId": "4TUkBRaSUJ",
          "checksum": "2e9b131eaa265e11d3c6bf4448cf3693"
        },
        {
          "type": "icon",
          "assetId": "44iUqi7ALL",
          "checksum": "aee591fdbb72f7c7acc0e38827491778"
        },
        {
          "type": "icon",
          "assetId": "EEfbul6dCZ",
          "checksum": "0332430a98b0c62429c9eab78f24b3a2"
        },
        {
          "type": "icon",
          "assetId": "mW29iQjOi4",
          "checksum": "79076bb0476ad89185d58f176e69d765"
        },
        {
          "type": "icon",
          "assetId": "2GxFK8nmf9",
          "checksum": "5d9faaaa813a2c32f2f7c322477ae9de"
        },
        {
          "type": "icon",
          "assetId": "NSdoEEgYbD",
          "checksum": "e011c529efc98dae66045ef66170b2a4"
        },
        {
          "type": "icon",
          "assetId": "JlukcmvCZ",
          "checksum": "cf0167511450e3ec8c1534870f2cfb66"
        },
        {
          "type": "icon",
          "assetId": "McB3OMMtcT",
          "checksum": "a7184d203a0d0e3a0ced0a1f38131333"
        },
        {
          "assetId": "sMfv1hg7t9bpqK5N2h2Xpc",
          "type": "projectCss",
          "checksum": "68be5a47d5848324e7ae871979729440"
        }
      ],
      "codegenVersion": "0.0.1"
    },
    {
      "projectId": "28Ba3BDvRe7EiWdfFNnLB6",
      "version": "2.10.0",
      "dependencies": {},
      "lang": "ts",
      "fileLocks": [
        {
          "assetId": "28Ba3BDvRe7EiWdfFNnLB6",
          "type": "projectCss",
          "checksum": "87db3f38ab09de17055a82a444e32ce3"
        }
      ],
      "codegenVersion": "0.0.1"
    },
    {
      "projectId": "YUiM7yqBWAqsh8KSnrdj7",
      "version": "0.7.0",
      "dependencies": {},
      "lang": "ts",
      "fileLocks": [
        {
          "assetId": "YUiM7yqBWAqsh8KSnrdj7",
          "type": "projectCss",
          "checksum": "2fbd4f1271251181eddf2a18b4fa3566"
        }
      ],
      "codegenVersion": "0.0.1"
    }
  ],
  "cliVersion": "0.1.186"
}
